
Microsoft Visual Studio Solution File, Format Version 12.00
# Visual Studio Version 17
VisualStudioVersion = 17.13.35931.197 d17.13
MinimumVisualStudioVersion = 10.0.40219.1
Project("{FAE04EC0-301F-11D3-BF4B-00C04F79EFBC}") = "EFCORE.Identity", "EFCORE.Identity\EFCORE.Identity.csproj", "{866A58A3-5634-4357-ABE1-16DFFFE5063C}"
EndProject
Global
	GlobalSection(SolutionConfigurationPlatforms) = preSolution
		Debug|Any CPU = Debug|Any CPU
		Release|Any CPU = Release|Any CPU
	EndGlobalSection
	GlobalSection(ProjectConfigurationPlatforms) = postSolution
		{866A58A3-5634-4357-ABE1-16DFFFE5063C}.Debug|Any CPU.ActiveCfg = Debug|Any CPU
		{866A58A3-5634-4357-ABE1-16DFFFE5063C}.Debug|Any CPU.Build.0 = Debug|Any CPU
		{866A58A3-5634-4357-ABE1-16DFFFE5063C}.Release|Any CPU.ActiveCfg = Release|Any CPU
		{866A58A3-5634-4357-ABE1-16DFFFE5063C}.Release|Any CPU.Build.0 = Release|Any CPU
	EndGlobalSection
	GlobalSection(SolutionProperties) = preSolution
		HideSolutionNode = FALSE
	EndGlobalSection
	GlobalSection(ExtensibilityGlobals) = postSolution
		SolutionGuid = {406912E9-1DB9-469E-9474-754A21032BBC}
	EndGlobalSection
EndGlobal
